// !$*UTF8*$!
{
	archiveVersion = 1;
	classes = {
	};
	objectVersion = 46;
	objects = {

/* Begin PBXBuildFile section */
		DE183DF71BEB4EB4000D4544 /* String+JWT.swift in Sources */ = {isa = PBXBuildFile; fileRef = DE183DF61BEB4EB4000D4544 /* String+JWT.swift */; };
		DE183DF91BEB4EDC000D4544 /* NSData+JWT.swift in Sources */ = {isa = PBXBuildFile; fileRef = DE183DF81BEB4EDC000D4544 /* NSData+JWT.swift */; };
		DE183DFC1BEB61AD000D4544 /* XCTAssert+JWT.swift in Sources */ = {isa = PBXBuildFile; fileRef = DE183DFB1BEB61AD000D4544 /* XCTAssert+JWT.swift */; };
		DE183DFE1BEB774D000D4544 /* JWTNaCl.swift in Sources */ = {isa = PBXBuildFile; fileRef = DE183DFD1BEB774D000D4544 /* JWTNaCl.swift */; };
		F672EDE71ACB44520020B9BA /* SwiftJWT.h in Headers */ = {isa = PBXBuildFile; fileRef = F672EDE61ACB44520020B9BA /* SwiftJWT.h */; settings = {ATTRIBUTES = (Public, ); }; };
		F672EDED1ACB44520020B9BA /* SwiftJWT.framework in Frameworks */ = {isa = PBXBuildFile; fileRef = F672EDE11ACB44520020B9BA /* SwiftJWT.framework */; };
		F672EDF41ACB44520020B9BA /* JWTTests.swift in Sources */ = {isa = PBXBuildFile; fileRef = F672EDF31ACB44520020B9BA /* JWTTests.swift */; };
		F672EDFE1ACB44650020B9BA /* SwiftJWT.swift in Sources */ = {isa = PBXBuildFile; fileRef = F672EDFD1ACB44650020B9BA /* SwiftJWT.swift */; };
/* End PBXBuildFile section */

/* Begin PBXContainerItemProxy section */
		F672EDEE1ACB44520020B9BA /* PBXContainerItemProxy */ = {
			isa = PBXContainerItemProxy;
			containerPortal = F672EDD81ACB44520020B9BA /* Project object */;
			proxyType = 1;
			remoteGlobalIDString = F672EDE01ACB44520020B9BA;
			remoteInfo = JWT;
		};
/* End PBXContainerItemProxy section */

/* Begin PBXFileReference section */
		DE183DF61BEB4EB4000D4544 /* String+JWT.swift */ = {isa = PBXFileReference; fileEncoding = 4; lastKnownFileType = sourcecode.swift; name = "String+JWT.swift"; path = "Extensions/String+JWT.swift"; sourceTree = "<group>"; };
		DE183DF81BEB4EDC000D4544 /* NSData+JWT.swift */ = {isa = PBXFileReference; fileEncoding = 4; lastKnownFileType = sourcecode.swift; name = "NSData+JWT.swift"; path = "Extensions/NSData+JWT.swift"; sourceTree = "<group>"; };
		DE183DFB1BEB61AD000D4544 /* XCTAssert+JWT.swift */ = {isa = PBXFileReference; fileEncoding = 4; lastKnownFileType = sourcecode.swift; path = "XCTAssert+JWT.swift"; sourceTree = "<group>"; };
		DE183DFD1BEB774D000D4544 /* JWTNaCl.swift */ = {isa = PBXFileReference; fileEncoding = 4; lastKnownFileType = sourcecode.swift; path = JWTNaCl.swift; sourceTree = "<group>"; };
		F672EDE11ACB44520020B9BA /* SwiftJWT.framework */ = {isa = PBXFileReference; explicitFileType = wrapper.framework; includeInIndex = 0; path = SwiftJWT.framework; sourceTree = BUILT_PRODUCTS_DIR; };
		F672EDE51ACB44520020B9BA /* Info.plist */ = {isa = PBXFileReference; lastKnownFileType = text.plist.xml; path = Info.plist; sourceTree = "<group>"; };
		F672EDE61ACB44520020B9BA /* SwiftJWT.h */ = {isa = PBXFileReference; lastKnownFileType = sourcecode.c.h; path = SwiftJWT.h; sourceTree = "<group>"; };
		F672EDEC1ACB44520020B9BA /* SwiftJWTTests.xctest */ = {isa = PBXFileReference; explicitFileType = wrapper.cfbundle; includeInIndex = 0; path = SwiftJWTTests.xctest; sourceTree = BUILT_PRODUCTS_DIR; };
		F672EDF21ACB44520020B9BA /* Info.plist */ = {isa = PBXFileReference; lastKnownFileType = text.plist.xml; path = Info.plist; sourceTree = "<group>"; };
		F672EDF31ACB44520020B9BA /* JWTTests.swift */ = {isa = PBXFileReference; lastKnownFileType = sourcecode.swift; path = JWTTests.swift; sourceTree = "<group>"; };
		F672EDFD1ACB44650020B9BA /* SwiftJWT.swift */ = {isa = PBXFileReference; fileEncoding = 4; lastKnownFileType = sourcecode.swift; path = SwiftJWT.swift; sourceTree = "<group>"; };
/* End PBXFileReference section */

/* Begin PBXFrameworksBuildPhase section */
		F672EDDD1ACB44520020B9BA /* Frameworks */ = {
			isa = PBXFrameworksBuildPhase;
			buildActionMask = 2147483647;
			files = (
			);
			runOnlyForDeploymentPostprocessing = 0;
		};
		F672EDE91ACB44520020B9BA /* Frameworks */ = {
			isa = PBXFrameworksBuildPhase;
			buildActionMask = 2147483647;
			files = (
				F672EDED1ACB44520020B9BA /* SwiftJWT.framework in Frameworks */,
			);
			runOnlyForDeploymentPostprocessing = 0;
		};
/* End PBXFrameworksBuildPhase section */

/* Begin PBXGroup section */
		DE183DFA1BEB5CC1000D4544 /* Extensions */ = {
			isa = PBXGroup;
			children = (
				DE183DF61BEB4EB4000D4544 /* String+JWT.swift */,
				DE183DF81BEB4EDC000D4544 /* NSData+JWT.swift */,
			);
			name = Extensions;
			sourceTree = "<group>";
		};
		F672EDD71ACB44520020B9BA = {
			isa = PBXGroup;
			children = (
				F672EDE31ACB44520020B9BA /* JWT */,
				F672EDF01ACB44520020B9BA /* JWTTests */,
				F672EDE21ACB44520020B9BA /* Products */,
			);
			sourceTree = "<group>";
		};
		F672EDE21ACB44520020B9BA /* Products */ = {
			isa = PBXGroup;
			children = (
				F672EDE11ACB44520020B9BA /* SwiftJWT.framework */,
				F672EDEC1ACB44520020B9BA /* SwiftJWTTests.xctest */,
			);
			name = Products;
			sourceTree = "<group>";
		};
		F672EDE31ACB44520020B9BA /* JWT */ = {
			isa = PBXGroup;
			children = (
				F672EDE61ACB44520020B9BA /* SwiftJWT.h */,
				F672EDFD1ACB44650020B9BA /* SwiftJWT.swift */,
				DE183DFD1BEB774D000D4544 /* JWTNaCl.swift */,
				DE183DFA1BEB5CC1000D4544 /* Extensions */,
				F672EDE41ACB44520020B9BA /* Supporting Files */,
			);
			path = JWT;
			sourceTree = "<group>";
		};
		F672EDE41ACB44520020B9BA /* Supporting Files */ = {
			isa = PBXGroup;
			children = (
				F672EDE51ACB44520020B9BA /* Info.plist */,
			);
			name = "Supporting Files";
			sourceTree = "<group>";
		};
		F672EDF01ACB44520020B9BA /* JWTTests */ = {
			isa = PBXGroup;
			children = (
				F672EDF31ACB44520020B9BA /* JWTTests.swift */,
				DE183DFB1BEB61AD000D4544 /* XCTAssert+JWT.swift */,
				F672EDF11ACB44520020B9BA /* Supporting Files */,
			);
			path = JWTTests;
			sourceTree = "<group>";
		};
		F672EDF11ACB44520020B9BA /* Supporting Files */ = {
			isa = PBXGroup;
			children = (
				F672EDF21ACB44520020B9BA /* Info.plist */,
			);
			name = "Supporting Files";
			sourceTree = "<group>";
		};
/* End PBXGroup section */

/* Begin PBXHeadersBuildPhase section */
		F672EDDE1ACB44520020B9BA /* Headers */ = {
			isa = PBXHeadersBuildPhase;
			buildActionMask = 2147483647;
			files = (
				F672EDE71ACB44520020B9BA /* SwiftJWT.h in Headers */,
			);
			runOnlyForDeploymentPostprocessing = 0;
		};
/* End PBXHeadersBuildPhase section */

/* Begin PBXNativeTarget section */
		F672EDE01ACB44520020B9BA /* SwiftJWT */ = {
			isa = PBXNativeTarget;
			buildConfigurationList = F672EDF71ACB44520020B9BA /* Build configuration list for PBXNativeTarget "SwiftJWT" */;
			buildPhases = (
				F672EDDC1ACB44520020B9BA /* Sources */,
				F672EDDD1ACB44520020B9BA /* Frameworks */,
				F672EDDE1ACB44520020B9BA /* Headers */,
				F672EDDF1ACB44520020B9BA /* Resources */,
			);
			buildRules = (
			);
			dependencies = (
			);
			name = SwiftJWT;
			productName = JWT;
			productReference = F672EDE11ACB44520020B9BA /* SwiftJWT.framework */;
			productType = "com.apple.product-type.framework";
		};
		F672EDEB1ACB44520020B9BA /* SwiftJWTTests */ = {
			isa = PBXNativeTarget;
			buildConfigurationList = F672EDFA1ACB44520020B9BA /* Build configuration list for PBXNativeTarget "SwiftJWTTests" */;
			buildPhases = (
				F672EDE81ACB44520020B9BA /* Sources */,
				F672EDE91ACB44520020B9BA /* Frameworks */,
				F672EDEA1ACB44520020B9BA /* Resources */,
			);
			buildRules = (
			);
			dependencies = (
				F672EDEF1ACB44520020B9BA /* PBXTargetDependency */,
			);
			name = SwiftJWTTests;
			productName = JWTTests;
			productReference = F672EDEC1ACB44520020B9BA /* SwiftJWTTests.xctest */;
			productType = "com.apple.product-type.bundle.unit-test";
		};
/* End PBXNativeTarget section */

/* Begin PBXProject section */
		F672EDD81ACB44520020B9BA /* Project object */ = {
			isa = PBXProject;
			attributes = {
				LastSwiftUpdateCheck = 0710;
				LastUpgradeCheck = 0730;
				ORGANIZATIONNAME = "RoundZero bv";
				TargetAttributes = {
					F672EDE01ACB44520020B9BA = {
						CreatedOnToolsVersion = 6.2;
					};
					F672EDEB1ACB44520020B9BA = {
						CreatedOnToolsVersion = 6.2;
					};
				};
			};
			buildConfigurationList = F672EDDB1ACB44520020B9BA /* Build configuration list for PBXProject "SwiftJWT" */;
			compatibilityVersion = "Xcode 3.2";
			developmentRegion = English;
			hasScannedForEncodings = 0;
			knownRegions = (
				en,
			);
			mainGroup = F672EDD71ACB44520020B9BA;
			productRefGroup = F672EDE21ACB44520020B9BA /* Products */;
			projectDirPath = "";
			projectRoot = "";
			targets = (
				F672EDE01ACB44520020B9BA /* SwiftJWT */,
				F672EDEB1ACB44520020B9BA /* SwiftJWTTests */,
			);
		};
/* End PBXProject section */

/* Begin PBXResourcesBuildPhase section */
		F672EDDF1ACB44520020B9BA /* Resources */ = {
			isa = PBXResourcesBuildPhase;
			buildActionMask = 2147483647;
			files = (
			);
			runOnlyForDeploymentPostprocessing = 0;
		};
		F672EDEA1ACB44520020B9BA /* Resources */ = {
			isa = PBXResourcesBuildPhase;
			buildActionMask = 2147483647;
			files = (
			);
			runOnlyForDeploymentPostprocessing = 0;
		};
/* End PBXResourcesBuildPhase section */

/* Begin PBXSourcesBuildPhase section */
		F672EDDC1ACB44520020B9BA /* Sources */ = {
			isa = PBXSourcesBuildPhase;
			buildActionMask = 2147483647;
			files = (
				DE183DF91BEB4EDC000D4544 /* NSData+JWT.swift in Sources */,
				DE183DF71BEB4EB4000D4544 /* String+JWT.swift in Sources */,
				F672EDFE1ACB44650020B9BA /* SwiftJWT.swift in Sources */,
				DE183DFE1BEB774D000D4544 /* JWTNaCl.swift in Sources */,
			);
			runOnlyForDeploymentPostprocessing = 0;
		};
		F672EDE81ACB44520020B9BA /* Sources */ = {
			isa = PBXSourcesBuildPhase;
			buildActionMask = 2147483647;
			files = (
				F672EDF41ACB44520020B9BA /* JWTTests.swift in Sources */,
				DE183DFC1BEB61AD000D4544 /* XCTAssert+JWT.swift in Sources */,
			);
			runOnlyForDeploymentPostprocessing = 0;
		};
/* End PBXSourcesBuildPhase section */

/* Begin PBXTargetDependency section */
		F672EDEF1ACB44520020B9BA /* PBXTargetDependency */ = {
			isa = PBXTargetDependency;
			target = F672EDE01ACB44520020B9BA /* SwiftJWT */;
			targetProxy = F672EDEE1ACB44520020B9BA /* PBXContainerItemProxy */;
		};
/* End PBXTargetDependency section */

/* Begin XCBuildConfiguration section */
		F672EDF51ACB44520020B9BA /* Debug */ = {
			isa = XCBuildConfiguration;
			buildSettings = {
				ALWAYS_SEARCH_USER_PATHS = NO;
				CLANG_CXX_LANGUAGE_STANDARD = "gnu++0x";
				CLANG_CXX_LIBRARY = "libc++";
				CLANG_ENABLE_MODULES = YES;
				CLANG_ENABLE_OBJC_ARC = YES;
				CLANG_WARN_BOOL_CONVERSION = YES;
				CLANG_WARN_CONSTANT_CONVERSION = YES;
				CLANG_WARN_DIRECT_OBJC_ISA_USAGE = YES_ERROR;
				CLANG_WARN_EMPTY_BODY = YES;
				CLANG_WARN_ENUM_CONVERSION = YES;
				CLANG_WARN_INT_CONVERSION = YES;
				CLANG_WARN_OBJC_ROOT_CLASS = YES_ERROR;
				CLANG_WARN_UNREACHABLE_CODE = YES;
				CLANG_WARN__DUPLICATE_METHOD_MATCH = YES;
				"CODE_SIGN_IDENTITY[sdk=iphoneos*]" = "iPhone Developer";
				COPY_PHASE_STRIP = NO;
				CURRENT_PROJECT_VERSION = 1;
				ENABLE_STRICT_OBJC_MSGSEND = YES;
				ENABLE_TESTABILITY = YES;
				GCC_C_LANGUAGE_STANDARD = gnu99;
				GCC_DYNAMIC_NO_PIC = NO;
				GCC_OPTIMIZATION_LEVEL = 0;
				GCC_PREPROCESSOR_DEFINITIONS = (
					"DEBUG=1",
					"$(inherited)",
				);
				GCC_SYMBOLS_PRIVATE_EXTERN = NO;
				GCC_WARN_64_TO_32_BIT_CONVERSION = YES;
				GCC_WARN_ABOUT_RETURN_TYPE = YES_ERROR;
				GCC_WARN_UNDECLARED_SELECTOR = YES;
				GCC_WARN_UNINITIALIZED_AUTOS = YES_AGGRESSIVE;
				GCC_WARN_UNUSED_FUNCTION = YES;
				GCC_WARN_UNUSED_VARIABLE = YES;
				IPHONEOS_DEPLOYMENT_TARGET = 8.2;
				MTL_ENABLE_DEBUG_INFO = YES;
				ONLY_ACTIVE_ARCH = YES;
				SDKROOT = iphoneos;
				SWIFT_OPTIMIZATION_LEVEL = "-Onone";
				TARGETED_DEVICE_FAMILY = "1,2";
				VERSIONING_SYSTEM = "apple-generic";
				VERSION_INFO_PREFIX = "";
			};
			name = Debug;
		};
		F672EDF61ACB44520020B9BA /* Release */ = {
			isa = XCBuildConfiguration;
			buildSettings = {
				ALWAYS_SEARCH_USER_PATHS = NO;
				CLANG_CXX_LANGUAGE_STANDARD = "gnu++0x";
				CLANG_CXX_LIBRARY = "libc++";
				CLANG_ENABLE_MODULES = YES;
				CLANG_ENABLE_OBJC_ARC = YES;
				CLANG_WARN_BOOL_CONVERSION = YES;
				CLANG_WARN_CONSTANT_CONVERSION = YES;
				CLANG_WARN_DIRECT_OBJC_ISA_USAGE = YES_ERROR;
				CLANG_WARN_EMPTY_BODY = YES;
				CLANG_WARN_ENUM_CONVERSION = YES;
				CLANG_WARN_INT_CONVERSION = YES;
				CLANG_WARN_OBJC_ROOT_CLASS = YES_ERROR;
				CLANG_WARN_UNREACHABLE_CODE = YES;
				CLANG_WARN__DUPLICATE_METHOD_MATCH = YES;
				"CODE_SIGN_IDENTITY[sdk=iphoneos*]" = "iPhone Developer";
				COPY_PHASE_STRIP = NO;
				CURRENT_PROJECT_VERSION = 1;
				ENABLE_NS_ASSERTIONS = NO;
				ENABLE_STRICT_OBJC_MSGSEND = YES;
				GCC_C_LANGUAGE_STANDARD = gnu99;
				GCC_WARN_64_TO_32_BIT_CONVERSION = YES;
				GCC_WARN_ABOUT_RETURN_TYPE = YES_ERROR;
				GCC_WARN_UNDECLARED_SELECTOR = YES;
				GCC_WARN_UNINITIALIZED_AUTOS = YES_AGGRESSIVE;
				GCC_WARN_UNUSED_FUNCTION = YES;
				GCC_WARN_UNUSED_VARIABLE = YES;
				IPHONEOS_DEPLOYMENT_TARGET = 8.2;
				MTL_ENABLE_DEBUG_INFO = NO;
				SDKROOT = iphoneos;
				TARGETED_DEVICE_FAMILY = "1,2";
				VALIDATE_PRODUCT = YES;
				VERSIONING_SYSTEM = "apple-generic";
				VERSION_INFO_PREFIX = "";
			};
			name = Release;
		};
		F672EDF81ACB44520020B9BA /* Debug */ = {
			isa = XCBuildConfiguration;
			buildSettings = {
				DEFINES_MODULE = YES;
				DYLIB_COMPATIBILITY_VERSION = 1;
				DYLIB_CURRENT_VERSION = 1;
				DYLIB_INSTALL_NAME_BASE = "@rpath";
				INFOPLIST_FILE = JWT/Info.plist;
				INSTALL_PATH = "$(LOCAL_LIBRARY_DIR)/Frameworks";
				LD_RUNPATH_SEARCH_PATHS = "$(inherited) @executable_path/Frameworks @loader_path/Frameworks";
				LIBRARY_SEARCH_PATHS = (
					"$(inherited)",
					"$(SDKROOT)/usr/lib/system",
				);
				PRODUCT_BUNDLE_IDENTIFIER = "nl.roundzero.$(PRODUCT_NAME:rfc1034identifier)";
				PRODUCT_NAME = SwiftJWT;
				SKIP_INSTALL = YES;
			};
			name = Debug;
		};
		F672EDF91ACB44520020B9BA /* Release */ = {
			isa = XCBuildConfiguration;
			buildSettings = {
				DEFINES_MODULE = YES;
				DYLIB_COMPATIBILITY_VERSION = 1;
				DYLIB_CURRENT_VERSION = 1;
				DYLIB_INSTALL_NAME_BASE = "@rpath";
				INFOPLIST_FILE = JWT/Info.plist;
				INSTALL_PATH = "$(LOCAL_LIBRARY_DIR)/Frameworks";
				LD_RUNPATH_SEARCH_PATHS = "$(inherited) @executable_path/Frameworks @loader_path/Frameworks";
				LIBRARY_SEARCH_PATHS = (
					"$(inherited)",
					"$(SDKROOT)/usr/lib/system",
				);
				PRODUCT_BUNDLE_IDENTIFIER = "nl.roundzero.$(PRODUCT_NAME:rfc1034identifier)";
				PRODUCT_NAME = SwiftJWT;
				SKIP_INSTALL = YES;
			};
			name = Release;
		};
		F672EDFB1ACB44520020B9BA /* Debug */ = {
			isa = XCBuildConfiguration;
			buildSettings = {
				FRAMEWORK_SEARCH_PATHS = (
					"$(SDKROOT)/Developer/Library/Frameworks",
					"$(inherited)",
				);
				GCC_PREPROCESSOR_DEFINITIONS = (
					"DEBUG=1",
					"$(inherited)",
				);
				INFOPLIST_FILE = JWTTests/Info.plist;
				LD_RUNPATH_SEARCH_PATHS = "$(inherited) @executable_path/Frameworks @loader_path/Frameworks";
				PRODUCT_BUNDLE_IDENTIFIER = "nl.roundzero.$(PRODUCT_NAME:rfc1034identifier)";
				PRODUCT_NAME = SwiftJWTTests;
			};
			name = Debug;
		};
		F672EDFC1ACB44520020B9BA /* Release */ = {
			isa = XCBuildConfiguration;
			buildSettings = {
				FRAMEWORK_SEARCH_PATHS = (
					"$(SDKROOT)/Developer/Library/Frameworks",
					"$(inherited)",
				);
				INFOPLIST_FILE = JWTTests/Info.plist;
				LD_RUNPATH_SEARCH_PATHS = "$(inherited) @executable_path/Frameworks @loader_path/Frameworks";
				PRODUCT_BUNDLE_IDENTIFIER = "nl.roundzero.$(PRODUCT_NAME:rfc1034identifier)";
				PRODUCT_NAME = SwiftJWTTests;
			};
			name = Release;
		};
/* End XCBuildConfiguration section */

/* Begin XCConfigurationList section */
		F672EDDB1ACB44520020B9BA /* Build configuration list for PBXProject "SwiftJWT" */ = {
			isa = XCConfigurationList;
			buildConfigurations = (
				F672EDF51ACB44520020B9BA /* Debug */,
				F672EDF61ACB44520020B9BA /* Release */,
			);
			defaultConfigurationIsVisible = 0;
			defaultConfigurationName = Release;
		};
		F672EDF71ACB44520020B9BA /* Build configuration list for PBXNativeTarget "SwiftJWT" */ = {
			isa = XCConfigurationList;
			buildConfigurations = (
				F672EDF81ACB44520020B9BA /* Debug */,
				F672EDF91ACB44520020B9BA /* Release */,
			);
			defaultConfigurationIsVisible = 0;
			defaultConfigurationName = Release;
		};
		F672EDFA1ACB44520020B9BA /* Build configuration list for PBXNativeTarget "SwiftJWTTests" */ = {
			isa = XCConfigurationList;
			buildConfigurations = (
				F672EDFB1ACB44520020B9BA /* Debug */,
				F672EDFC1ACB44520020B9BA /* Release */,
			);
			defaultConfigurationIsVisible = 0;
			defaultConfigurationName = Release;
		};
/* End XCConfigurationList section */
	};
	rootObject = F672EDD81ACB44520020B9BA /* Project object */;
}
